lockfileVersion: '9.0'

settings:
  autoInstallPeers: true
  excludeLinksFromLockfile: false

importers:

  .:
    devDependencies:
      '@markuplint/astro-parser':
        specifier: 4.18.0
        version: 4.18.0
      astro-eslint-parser:
        specifier: 1.4.0
        version: 1.4.0
      markuplint:
        specifier: 4.18.1
        version: 4.18.1

packages:

  '@astrojs/compiler@3.0.1':
    resolution: {integrity: sha512-z97oYbdebO5aoWzuJ/8q5hLK232+17KcLZ7cJ8BCWk6+qNzVxn/gftC0KzMBUTD8WAaBkPpNSQK6PXLnNrZ0CA==}

  '@babel/code-frame@7.29.0':
    resolution: {integrity: sha512-9NhCeYjq9+3uxgdtp20LSiJXJvN0FeCtNGpJxuMFZ1Kv3cWUNb6DOhJwUvcVCzKGR66cw4njwM6hrJLqgOwbcw==}
    engines: {node: '>=6.9.0'}

  '@babel/helper-validator-identifier@7.28.5':
    resolution: {integrity: sha512-qSs4ifwzKJSV39ucNjsvc6WVHs6b7S03sOh2OcHF9UHfVPqWWALUsNUVzhSBiItjRZoLHx7nIarVjqKVusUZ1Q==}
    engines: {node: '>=6.9.0'}

  '@markuplint/astro-parser@4.18.0':
    resolution: {integrity: sha512-/6iP+3MzSDLo3orTiRZOc4rjn+0/oGzSlbmX//h7pdel3fIKgpcv3l3PpAtGW7UNY4m5nOlSeRYZQWbfCKE/gw==}

  '@markuplint/cli-utils@4.18.0':
    resolution: {integrity: sha512-j8+ULM8RdLBiYuBoVXGrr7EnbxQgOdfJM5FOqytRToPUVKPLsToSd+TmqrL198VXOOr2FnqfFt1GCyef3FwqpQ==}

  '@markuplint/config-presets@4.18.0':
    resolution: {integrity: sha512-ZJjb0+7w0c4grYkfOdN+6R6UayIsLgBVs/FLYW2haHdDn8+7IUZkJBr3i6oZPmVsNoARoWrgqEmMAHDtv+na4w==}

  '@markuplint/file-resolver@4.18.1':
    resolution: {integrity: sha512-7+FxNF5Ulix80c2W1667x3XHtdL8EWzZST719kmo64y9ot2CcSKsXUs2RPulTE1V3WLYDPImXPTMZv3WndEFSg==}

  '@markuplint/html-parser@4.18.0':
    resolution: {integrity: sha512-6egvxypegPnNmVwnDXiuIelEQZCJnjynuIKVt+PwvUYUeGpW+03NIm6o+jt0olmfDPfPbMxr4frZa04tEofMdg==}

  '@markuplint/html-spec@4.18.0':
    resolution: {integrity: sha512-K5upVvUEOoqL5aMuuZNIKlW7BGDIf6VRPl3U8VrWcWEbWFRKZLwCHAR7tOtdlfRQHNyh0/MoSGJiI0ClIyc0Gg==}

  '@markuplint/i18n@4.18.0':
    resolution: {integrity: sha512-IJCkB4tgLdramkG//V3USJuH8JiusH5BTw8UtrMT06cKg5dfVMM7LaPpI+CpGJNk9nDA1qP/X9sN8sGh4kf4Qw==}

  '@markuplint/ml-ast@4.18.0':
    resolution: {integrity: sha512-K8V1hcTFGVEWkdGZF2EZNix3RiV+iMTekEvXm0BxwBwJ09XBs207v/rb2Aehd+VHGy78+/a+kU/BTNrqApzZmA==}

  '@markuplint/ml-config@4.18.1':
    resolution: {integrity: sha512-2ZzXxJC+3OVX9dHRbVRikIFyKXLIlWQeoxCqe5vBEpTfvZh9sH8MyvaaM+Or1mrTGQpchbTsH/xujpPAtJ0sDA==}

  '@markuplint/ml-core@4.18.1':
    resolution: {integrity: sha512-4nRbSsD1Xa1OyFKEmzr0Olgr+2gQPu44eCA9gwZ4MteyLOqervE+Yv5DFOKcZ/1Y5biyGh5LmTVCSSUMcMsrlA==}

  '@markuplint/ml-spec@4.18.0':
    resolution: {integrity: sha512-rVz9RsYeBGgCggYYxU0H4EUrodm2wBTw3vmrtaFps3/SNnKcvSZNlFnYd2VaV2oNGrEvvCE+tXDXUH353sG6SQ==}

  '@markuplint/parser-utils@4.18.0':
    resolution: {integrity: sha512-wp0PocLzZdLUhWbGKVK528WxknT/FCk1/PEqQnBjUlqOR2SD1rXHShoxz+gbYJVe6hMXUfKfqSA3KBUXLOelqg==}

  '@markuplint/rules@4.18.1':
    resolution: {integrity: sha512-dAIv1nrU5Upra3dVLJbtMVt6Nb5b2HCmzcdAtoJsD1686rMHUUd1tpPxYOs7mN0TdzlntYoITx3Dme83nEGTwg==}

  '@markuplint/selector@4.18.1':
    resolution: {integrity: sha512-0pgJ9Ded2rmkJm0K1eHY/+DegHslaOV4GTCt0avQK2JdRH4qWEZDkmXIWCUx4zk0T9kFuPaoa9yBKNUfQG4d3Q==}

  '@markuplint/shared@4.18.0':
    resolution: {integrity: sha512-srF15il/HObuqx43hEXehutktOk62X0oHLIVtCuqwSXl8B0L6eu9kQ7ltxvhtN5wIEZu1IySBRBgFXavR7mojg==}

  '@markuplint/types@4.18.0':
    resolution: {integrity: sha512-ew3PEm0rmwS0dMn4WbUQTP11drb39OfXBbklbYMoq1XpZhtx/9WBZ8yUr/j5unl8SO6s+PXQzto0ZW4TiXUicA==}

  '@nodelib/fs.scandir@2.1.5':
    resolution: {integrity: sha512-vq24Bq3ym5HEQm2NKCr3yXDwjc7vTsEThRDnkp2DK9p1uqLR+DHurm/NOTo0KG7HYHU7eppKZj3MyqYuMBf62g==}
    engines: {node: '>= 8'}

  '@nodelib/fs.stat@2.0.5':
    resolution: {integrity: sha512-RkhPPp2zrqDAQA/2jNhnztcPAlv64XdhIp7a7454A5ovI7Bukxgt7MX7udwAu3zg1DcpPU0rz3VV1SeaqvY4+A==}
    engines: {node: '>= 8'}

  '@nodelib/fs.walk@1.2.8':
    resolution: {integrity: sha512-oGB+UxlgWcgQkgwo8GcEGwemoTFt3FIO9ababBmaGwXIoBKZ+GTy0pP185beGg7Llih/NSHSV2XAs1lnznocSg==}
    engines: {node: '>= 8'}

  '@pkgr/core@0.2.9':
    resolution: {integrity: sha512-QNqXyfVS2wm9hweSYD2O7F0G06uurj9kZ96TRQE5Y9hU7+tgdZwIkbAKc5Ocy1HxEY2kuDQa6cQ1WRs/O5LFKA==}
    engines: {node: ^12.20.0 || ^14.18.0 || >=16.0.0}

  '@types/css-tree@2.3.11':
    resolution: {integrity: sha512-aEokibJOI77uIlqoBOkVbaQGC9zII0A+JH1kcTNKW2CwyYWD8KM6qdo+4c77wD3wZOQfJuNWAr9M4hdk+YhDIg==}

  '@types/debug@4.1.13':
    resolution: {integrity: sha512-KSVgmQmzMwPlmtljOomayoR89W4FynCAi3E8PPs7vmDVPe84hT+vGPKkJfThkmXs0x0jAaa9U8uW8bbfyS2fWw==}

  '@types/ms@2.1.0':
    resolution: {integrity: sha512-GsCCIZDE/p3i96vtEqx+7dBUGXrc7zeSK3wwPHIaRThS+9OhWIXRqzs4d6k1SVU8g91DrNRWxWUGhp5KXQb2VA==}

  '@types/mustache@4.2.6':
    resolution: {integrity: sha512-t+8/QWTAhOFlrF1IVZqKnMRJi84EgkIK5Kh0p2JV4OLywUvCwJPFxbJAl7XAow7DVIHsF+xW9f1MVzg0L6Szjw==}

  '@types/uuid@11.0.0':
    resolution: {integrity: sha512-HVyk8nj2m+jcFRNazzqyVKiZezyhDKrGUA3jlEcg/nZ6Ms+qHwocba1Y/AaVaznJTAM9xpdFSh+ptbNrhOGvZA==}
    deprecated: This is a stub types definition. uuid provides its own type definitions, so you do not need this installed.

  '@types/whatwg-mimetype@5.0.0':
    resolution: {integrity: sha512-YYiBDCoqBgDIF2ByYn4qDb4RaXZ46cOQ6j2We1Ni3bikFNI7YFeL8jxSiYowWsriZrb1mw09CLZ+b+ZkIhsLVw==}

  '@typescript-eslint/scope-manager@8.59.2':
    resolution: {integrity: sha512-JzfyEpEtOU89CcFSwyNS3mu4MLvLSXqnmX05+aKBDM+TdR5jzcGOEBwxwGNxrEQ7p/z6kK2WyioCGBf2zZBnvg==}
    engines: {node: ^18.18.0 || ^20.9.0 || >=21.1.0}

  '@typescript-eslint/types@8.59.2':
    resolution: {integrity: sha512-e82GVOE8Ps3E++Egvb6Y3Dw0S10u8NkQ9KXmtRhCWJJ8kDhOJTvtMAWnFL16kB1583goCWXsr0NieKCZMs2/0Q==}
    engines: {node: ^18.18.0 || ^20.9.0 || >=21.1.0}

  '@typescript-eslint/visitor-keys@8.59.2':
    resolution: {integrity: sha512-NwjLUnGy8/Zfx23fl50tRC8rYaYnM52xNRYFAXvmiil9yh1+K6aRVQMnzW6gQB/1DLgWt977lYQn7C+wtgXZiA==}
    engines: {node: ^18.18.0 || ^20.9.0 || >=21.1.0}

  '@ungap/structured-clone@1.3.0':
    resolution: {integrity: sha512-WmoN8qaIAo7WTYWbAZuG8PYEhn5fkz7dZrqTBZ7dtt//lL2Gwms1IcnQ5yHqjDfX8Ft5j4YzDM23f87zBfDe9g==}
    deprecated: Potential CWE-502 - Update to 1.3.1 or higher

  acorn-jsx@5.3.2:
    resolution: {integrity: sha512-rq9s+JNhf0IChjtDXxllJ7g41oZk5SlXtp0LHwyA5cejwn7vKmKp4pPri6YEePv2PU65sAsegbXtIinmDFDXgQ==}
    peerDependencies:
      acorn: ^6.0.0 || ^7.0.0 || ^8.0.0

  acorn@8.16.0:
    resolution: {integrity: sha512-UVJyE9MttOsBQIDKw1skb9nAwQuR5wuGD3+82K6JgJlm/Y+KI92oNsMNGZCYdDsVtRHSak0pcV5Dno5+4jh9sw==}
    engines: {node: '>=0.4.0'}
    hasBin: true

  ansi-colors@4.1.3:
    resolution: {integrity: sha512-/6w/C21Pm1A7aZitlI5Ni/2J6FFQN8i1Cvz3kHABAAbw93v/NlvKdVOqz7CCWz/3iv/JplRSEEZ83XION15ovw==}
    engines: {node: '>=6'}

  ansi-regex@5.0.1:
    resolution: {integrity: sha512-quJQXlTSUGL2LH9SUXo8VwsY4soanhgo6LNSm84E1LBcE8s3O0wpdiRzyR9z/ZZJMlMWv37qOOb9pdJlMUEKFQ==}
    engines: {node: '>=8'}

  ansi-regex@6.2.2:
    resolution: {integrity: sha512-Bq3SmSpyFHaWjPk8If9yc6svM8c56dB5BAtW4Qbw5jHTwwXXcTLoRMkpDJp6VL0XzlWaCHTXrkFURMYmD0sLqg==}
    engines: {node: '>=12'}

  argparse@2.0.1:
    resolution: {integrity: sha512-8+9WqebbFzpX9OR+Wa6O29asIogeRMzcGtAINdpMHHyAg10f05aSFVBbcEqGf/PXw1EjAZ+q2/bEBg3DvurK3Q==}

  astro-eslint-parser@1.4.0:
    resolution: {integrity: sha512-+QDcgc7e+au6EZ0YjMmRRjNoQo5bDMlaR45aWDoFsuxQTCM9qmCHRoiKJPELgckJ8Wmr7vcfpa9eCDHBFh6G4w==}
    engines: {node: ^18.18.0 || ^20.9.0 || >=21.1.0}

  astrojs-compiler-sync@1.1.1:
    resolution: {integrity: sha512-0mKvB9sDQRIZPsEJadw6OaFbGJ92cJPPR++ICca9XEyiUAZqgVuk25jNmzHPT0KF80rI94trSZrUR5iHFXGGOQ==}
    engines: {node: ^18.18.0 || >=20.9.0}
    peerDependencies:
      '@astrojs/compiler': '>=0.27.0'

  balanced-match@4.0.4:
    resolution: {integrity: sha512-BLrgEcRTwX2o6gGxGOCNyMvGSp35YofuYzw9h1IMTRmKqttAZZVU67bdb9Pr2vUHA8+j3i2tJfjO6C6+4myGTA==}
    engines: {node: 18 || 20 || >=22}

  bcp-47@2.1.0:
    resolution: {integrity: sha512-9IIS3UPrvIa1Ej+lVDdDwO7zLehjqsaByECw0bu2RRGP73jALm6FYbzI5gWbgHLvNdkvfXB5YrSbocZdOS0c0w==}

  brace-expansion@5.0.5:
    resolution: {integrity: sha512-VZznLgtwhn+Mact9tfiwx64fA9erHH/MCXEUfB/0bX/6Fz6ny5EGTXYltMocqg4xFAQZtnO3DHWWXi8RiuN7cQ==}
    engines: {node: 18 || 20 || >=22}

  braces@3.0.3:
    resolution: {integrity: sha512-yQbXgO/OSZVD2IsiLlro+7Hf6Q18EJrKSEsdoMzKePKXct3gvD8oLcOQdIzGupr5Fj+EDe8gO/lxc1BzfMpxvA==}
    engines: {node: '>=8'}

  callsites@3.1.0:
    resolution: {integrity: sha512-P8BjAsXvZS+VIDUI11hHCQEv74YT67YUi5JJFNWIqL235sBmjX4+qx9Muvls5ivyNENctx46xQLQ3aTuE7ssaQ==}
    engines: {node: '>=6'}

  chokidar@5.0.0:
    resolution: {integrity: sha512-TQMmc3w+5AxjpL8iIiwebF73dRDF4fBIieAqGn9RGCWaEVwQ6Fb2cGe31Yns0RRIzii5goJ1Y7xbMwo1TxMplw==}
    engines: {node: '>= 20.19.0'}

  chrono-node@2.9.0:
    resolution: {integrity: sha512-glI4YY2Jy6JII5l3d5FN6rcrIbKSQqKPhWsIRYPK2IK8Mm4Q1ZZFdYIaDqglUNf7gNwG+kWIzTn0omzzE0VkvQ==}
    engines: {node: ^12.20.0 || ^14.13.1 || >=16.0.0}

  cosmiconfig@9.0.1:
    resolution: {integrity: sha512-hr4ihw+DBqcvrsEDioRO31Z17x71pUYoNe/4h6Z0wB72p7MU7/9gH8Q3s12NFhHPfYBBOV3qyfUxmr/Yn3shnQ==}
    engines: {node: '>=14'}
    peerDependencies:
      typescript: '>=4.9.5'
    peerDependenciesMeta:
      typescript:
        optional: true

  css-tree@3.2.1:
    resolution: {integrity: sha512-X7sjQzceUhu1u7Y/ylrRZFU2FS6LRiFVp6rKLPg23y3x3c3DOKAwuXGDp+PAGjh6CSnCjYeAul8pcT8bAl+lSA==}
    engines: {node: ^10 || ^12.20.0 || ^14.13.0 || >=15.0.0}

  cssesc@3.0.0:
    resolution: {integrity: sha512-/Tb/JcjK111nNScGob5MNtsntNM1aCNUDipB/TkwZFhyDrrE47SOx/18wF2bbjgc3ZzCSKW1T5nt5EbFoAz/Vg==}
    engines: {node: '>=4'}
    hasBin: true

  debug@4.4.3:
    resolution: {integrity: sha512-RGwwWnwQvkVfavKVt22FGLw+xYSdzARwm0ru6DhTVA3umU5hZc28V3kO4stgYryrTlLpuvgI9GiijltAjNbcqA==}
    engines: {node: '>=6.0'}
    peerDependencies:
      supports-color: '*'
    peerDependenciesMeta:
      supports-color:
        optional: true

  deepmerge@4.3.1:
    resolution: {integrity: sha512-3sUqbMEc77XqpdNO7FRyRog+eW3ph+GYCbj+rK+uYyRMuwsVy0rMiVtPn+QJlKFvWP/1PYpapqYn0Me2knFn+A==}
    engines: {node: '>=0.10.0'}

  detect-installed@2.0.4:
    resolution: {integrity: sha512-IpGo06Ff/rMGTKjFvVPbY9aE4mRT2XP3eYHC/ZS25LKDr2h8Gbv74Ez2q/qd7IYDqD9ZjI/VGedHNXsbKZ/Eig==}
    engines: {node: '>=4', npm: '>=2'}

  dom-accessibility-api@0.7.1:
    resolution: {integrity: sha512-vdnCeZD+3wZ+8h8xXL/ZtBlvvoobOFyPzSiIfO6sGOZDqjFx4aLMAjZhl4rawj5xYz3UwP6Tgvyh0iH4IOCVnQ==}

  eastasianwidth@0.3.0:
    resolution: {integrity: sha512-JqasYqGO32J2c91uYKdhu1vNmXGADaLB7OOgjAhjMvpjdvGb0tsYcuwn381MwqCg4YBQDtByQcNlFYuv2kmOug==}

  enquirer@2.4.1:
    resolution: {integrity: sha512-rRqJg/6gd538VHvR3PSrdRBb/1Vy2YfzHqzvbhGIQpDRKIa4FgV/54b5Q1xYSxOOwKvjXweS26E0Q+nAMwp2pQ==}
    engines: {node: '>=8.6'}

  entities@7.0.1:
    resolution: {integrity: sha512-TWrgLOFUQTH994YUyl1yT4uyavY5nNB5muff+RtWaqNVCAK408b5ZnnbNAUEWLTCpum9w6arT70i1XdQ4UeOPA==}
    engines: {node: '>=0.12'}

  entities@8.0.0:
    resolution: {integrity: sha512-zwfzJecQ/Uej6tusMqwAqU/6KL2XaB2VZ2Jg54Je6ahNBGNH6Ek6g3jjNCF0fG9EWQKGZNddNjU5F1ZQn/sBnA==}
    engines: {node: '>=20.19.0'}

  env-paths@2.2.1:
    resolution: {integrity: sha512-+h1lkLKhZMTYjog1VEpJNG7NZJWcuc2DDk/qsqSTRRCOXiLjeQ1d1/udrUGhqMxUgAlwKNZ0cf2uqan5GLuS2A==}
    engines: {node: '>=6'}

  error-ex@1.3.4:
    resolution: {integrity: sha512-sqQamAnR14VgCr1A618A3sGrygcpK+HEbenA/HiEAkkUwcZIIB/tgWqHFxWgOyDh4nB4JCRimh79dR5Ywc9MDQ==}

  eslint-scope@8.4.0:
    resolution: {integrity: sha512-sNXOfKCn74rt8RICKMvJS7XKV/Xk9kA7DyJr8mJik3S7Cwgy3qlkkmyS2uQB3jiJg6VNdZd/pDBJu0nvG2NlTg==}
    engines: {node: ^18.18.0 || ^20.9.0 || >=21.1.0}

  eslint-visitor-keys@4.2.1:
    resolution: {integrity: sha512-Uhdk5sfqcee/9H/rCOJikYz67o0a2Tw2hGRPOG2Y1R2dg7brRe1uG0yaNQDHu+TO/uQPF/5eCapvYSmHUjt7JQ==}
    engines: {node: ^18.18.0 || ^20.9.0 || >=21.1.0}

  eslint-visitor-keys@5.0.1:
    resolution: {integrity: sha512-tD40eHxA35h0PEIZNeIjkHoDR4YjjJp34biM0mDvplBe//mB+IHCqHDGV7pxF+7MklTvighcCPPZC7ynWyjdTA==}
    engines: {node: ^20.19.0 || ^22.13.0 || >=24}

  espree@10.4.0:
    resolution: {integrity: sha512-j6PAQ2uUr79PZhBjP5C5fhl8e39FmRnOjsD5lGnWrFU8i2G776tBK7+nP8KuQUTTyAZUwfQqXAgrVH5MbH9CYQ==}
    engines: {node: ^18.18.0 || ^20.9.0 || >=21.1.0}

  espree@11.2.0:
    resolution: {integrity: sha512-7p3DrVEIopW1B1avAGLuCSh1jubc01H2JHc8B4qqGblmg5gI9yumBgACjWo4JlIc04ufug4xJ3SQI8HkS/Rgzw==}
    engines: {node: ^20.19.0 || ^22.13.0 || >=24}

  esrecurse@4.3.0:
    resolution: {integrity: sha512-KmfKL3b6G+RXvP8N1vr3Tq1kL/oCFgn2NYXEtqP8/L3pKapUA4G8cFVaoF3SU323CD4XypR/ffioHmkti6/Tag==}
    engines: {node: '>=4.0'}

  estraverse@5.3.0:
    resolution: {integrity: sha512-MMdARuVEQziNTeJD8DgMqmhwR11BRQ/cBP+pLtYdSTnf3MIO8fFeiINEbX36ZdNlfU/7A9f3gUw49B3oQsvwBA==}
    engines: {node: '>=4.0'}

  expand-tilde@2.0.2:
    resolution: {integrity: sha512-A5EmesHW6rfnZ9ysHQjPdJRni0SRar0tjtG5MNtm9n5TUvsYU8oozprtRD4AqHxcZWWlVuAmQo2nWKfN9oyjTw==}
    engines: {node: '>=0.10.0'}

  fast-glob@3.3.3:
    resolution: {integrity: sha512-7MptL8U0cqcFdzIzwOTHoilX9x5BrNqye7Z/LuC7kCMRio1EMSyqRK3BEAUD7sXRq4iT4AzTVuZdhgQ2TCvYLg==}
    engines: {node: '>=8.6.0'}

  fast-safe-stringify@2.1.1:
    resolution: {integrity: sha512-W+KJc2dmILlPplD/H4K9l9LcAHAfPtP6BY84uVLXQ6Evcz9Lcg33Y2z1IVblT6xdY54PXYVHEv+0Wpq8Io6zkA==}

  fastq@1.20.1:
    resolution: {integrity: sha512-GGToxJ/w1x32s/D2EKND7kTil4n8OVk/9mycTc4VDza13lOvpUZTGX3mFSCtV9ksdGBVzvsyAVLM6mHFThxXxw==}

  fill-range@7.1.1:
    resolution: {integrity: sha512-YsGpe3WHLK8ZYi4tWDg2Jy3ebRz2rXowDxnld4bkQB00cc/1Zw9AWnC0i9ztDJitivtQvaI9KaLyKrc+hBW0yg==}
    engines: {node: '>=8'}

  find-up-simple@1.0.1:
    resolution: {integrity: sha512-afd4O7zpqHeRyg4PfDQsXmlDe2PfdHtJt6Akt8jOWaApLOZk5JXs6VMR29lz03pRe9mpykrRCYIYxaJYcfpncQ==}
    engines: {node: '>=18'}

  get-installed-path@2.1.1:
    resolution: {integrity: sha512-Qkn9eq6tW5/q9BDVdMpB8tOHljX9OSP0jRC5TRNVA4qRc839t4g8KQaR8t0Uv0EFVL0MlyG7m/ofjEgAROtYsA==}

  glob-parent@5.1.2:
    resolution: {integrity: sha512-AOIgSQCepiJYwP3ARnGx+5VnTu2HBYdzbGP45eLw1vr3zB3vZLeyed1sC9hnbcOc9/SrMyM5RPQrkGz4aS9Zow==}
    engines: {node: '>= 6'}

  glob@13.0.6:
    resolution: {integrity: sha512-Wjlyrolmm8uDpm/ogGyXZXb1Z+Ca2B8NbJwqBVg0axK9GbBeoS7yGV6vjXnYdGm6X53iehEuxxbyiKp8QmN4Vw==}
    engines: {node: 18 || 20 || >=22}

  global-modules@1.0.0:
    resolution: {integrity: sha512-sKzpEkf11GpOFuw0Zzjzmt4B4UZwjOcG757PPvrfhxcLFbq0wpsgpOqxpxtxFiCG4DtG93M6XRVbF2oGdev7bg==}
    engines: {node: '>=0.10.0'}

  global-prefix@1.0.2:
    resolution: {integrity: sha512-5lsx1NUDHtSjfg0eHlmYvZKv8/nVqX4ckFbM+FrGcQ+04KWcWFo9P5MxPZYSzUvyzmdTbI7Eix8Q4IbELDqzKg==}
    engines: {node: '>=0.10.0'}

  graceful-fs@4.2.11:
    resolution: {integrity: sha512-RbJ5/jmFcNNCcDV5o9eTnBLJ/HszWV0P73bc+Ff4nS/rJj+YaS6IGyiOL0VoBYX+l1Wrl3k63h/KrH+nhJ0XvQ==}

  has-yarn@4.0.0:
    resolution: {integrity: sha512-A+TLqmkJN+H2tiyhEFzA4VR/Mr/qhPBcEqYiNyiduamvp6mQ1dsjF/LTxli+3XwbV8DrZLwj/bYXkVhHOrW9EQ==}
    engines: {node: '>=20'}

  homedir-polyfill@1.0.3:
    resolution: {integrity: sha512-eSmmWE5bZTK2Nou4g0AI3zZ9rswp7GRKoKXS1BLUkvPviOqs4YTN1djQIqrXy9k5gEtdLPy86JjRwsNM9tnDcA==}
    engines: {node: '>=0.10.0'}

  html-entities@2.6.0:
    resolution: {integrity: sha512-kig+rMn/QOVRvr7c86gQ8lWXq+Hkv6CbAH1hLu+RG338StTpE8Z0b44SDVaqVu7HGKf27frdmUYEs9hTUX/cLQ==}

  ignore@7.0.5:
    resolution: {integrity: sha512-Hs59xBNfUIunMFgWAbGX5cq6893IbWg4KnrjbYwX3tx0ztorVgTDA6B2sxf8ejHJ4wz8BqGUMYlnzNBer5NvGg==}
    engines: {node: '>= 4'}

  import-fresh@3.3.1:
    resolution: {integrity: sha512-TR3KfrTZTYLPB6jUjfx6MF9WcWrHL9su5TObK4ZkYgBdWKPOFoSoQIdEuTuR82pmtxH2spWG9h6etwfr1pLBqQ==}
    engines: {node: '>=6'}

  import-meta-resolve@4.2.0:
    resolution: {integrity: sha512-Iqv2fzaTQN28s/FwZAoFq0ZSs/7hMAHJVX+w8PZl3cY19Pxk6jFFalxQoIfW2826i/fDLXv8IiEZRIT0lDuWcg==}

  ini@1.3.8:
    resolution: {integrity: sha512-JV/yugV2uzW5iMRSiZAyDtQd+nxtUnjeLt0acNdw98kKLrvuRVyB80tsREOE7yvGVgalhZ6RNXCmEHkUKBKxew==}

  invert-kv@3.0.1:
    resolution: {integrity: sha512-CYdFeFexxhv/Bcny+Q0BfOV+ltRlJcd4BBZBYFX/O0u4npJrgZtIcjokegtiSMAvlMTJ+Koq0GBCc//3bueQxw==}
    engines: {node: '>=8'}

  is-alphabetical@2.0.1:
    resolution: {integrity: sha512-FWyyY60MeTNyeSRpkM2Iry0G9hpr7/9kD40mD/cGQEuilcZYS4okz8SN2Q6rLCJ8gbCt6fN+rC+6tMGS99LaxQ==}

  is-alphanumerical@2.0.1:
    resolution: {integrity: sha512-hmbYhX/9MUMF5uh7tOXyK/n0ZvWpad5caBA17GsC6vyuCqaWliRG5K1qS9inmUhEMaOBIW7/whAnSwveW/LtZw==}

  is-arrayish@0.2.1:
    resolution: {integrity: sha512-zz06S8t0ozoDXMG+ube26zeCTNXcKIPJZJi8hBrF4idCLms4CG9QtK7qBl1boi5ODzFpjswb5JPmHCbMpjaYzg==}

  is-decimal@2.0.1:
    resolution: {integrity: sha512-AAB9hiomQs5DXWcRB1rqsxGUstbRroFOPPVAomNk/3XHR5JyEZChOyTWe2oayKnsSsr/kcGqF+z6yuH6HHpN0A==}

  is-extglob@2.1.1:
    resolution: {integrity: sha512-SbKbANkN603Vi4jEZv49LeVJMn4yGwsbzZworEoyEiutsN3nJYdbO36zfhGJ6QEDpOZIFkDtnq5JRxmvl3jsoQ==}
    engines: {node: '>=0.10.0'}

  is-glob@4.0.3:
    resolution: {integrity: sha512-xelSayHH36ZgE7ZWhli7pW34hNbNl8Ojv5KVmkJD4hBdD3th8Tfk9vYasLM+mXWOZhFkgZfxhLSnrwRr4elSSg==}
    engines: {node: '>=0.10.0'}

  is-number@7.0.0:
    resolution: {integrity: sha512-41Cifkg6e8TylSpdtTpeLVMqvSBEVzTttHvERD741+pnZ8ANv0004MRL43QKPDlK9cGvNp6NZWZUBlbGXYxxng==}
    engines: {node: '>=0.12.0'}

  is-plain-object@5.0.0:
    resolution: {integrity: sha512-VRSzKkbMm5jMDoKLbltAkFQ5Qr7VDiTFGXxYFXXowVj387GeGNOCsOH6Msy00SGZ3Fp84b1Naa1psqgcCIEP5Q==}
    engines: {node: '>=0.10.0'}

  is-windows@1.0.2:
    resolution: {integrity: sha512-eXK1UInq2bPmjyX6e3VHIzMLobc4J94i4AWn+Hpq3OU5KkrRC96OAcR3PRJ/pGu6m8TRnBHP9dkXQVsT/COVIA==}
    engines: {node: '>=0.10.0'}

  isexe@2.0.0:
    resolution: {integrity: sha512-RHxMLp9lnKHGHRng9QFhRCMbYAcVpn69smSGcq3f36xjgVVWThj4qqLbTLlq7Ssj8B+fIQ1EuCEGI2lKsyQeIw==}

  js-tokens@4.0.0:
    resolution: {integrity: sha512-RdJUflcE3cUzKiMqQgsCu06FPu9UdIJO0beYbPhHN4k6apgJtifcoCtT9bcxOpYBtpD2kCM6Sbzg4CausW/PKQ==}

  js-yaml@4.1.1:
    resolution: {integrity: sha512-qQKT4zQxXl8lLwBtHMWwaTcGfFOZviOJet3Oy/xmGk2gZH677CJM9EvtfdSkgWcATZhj/55JZ0rmy3myCT5lsA==}
    hasBin: true

  json-parse-better-errors@1.0.2:
    resolution: {integrity: sha512-mrqyZKfX5EhL7hvqcV6WG1yYjnjeuYDzDhhcAAUrq8Po85NBQBJP+ZDUT75qZQ98IkUoBqdkExkukOU7Ts2wrw==}

  json-parse-even-better-errors@2.3.1:
    resolution: {integrity: sha512-xyFwyhro/JEof6Ghe2iz2NcXoj2sloNsWr/XsERDK/oiPCfaNhl5ONfp+jQdAZRQQ0IJWNzH9zIZF7li91kh2w==}

  jsonc@2.0.0:
    resolution: {integrity: sha512-B281bLCT2TRMQa+AQUQY5AGcqSOXBOKaYGP4wDzoA/+QswUfN8sODektbPEs9Baq7LGKun5jQbNFpzwGuVYKhw==}
    engines: {node: '>=8'}

  lcid@3.1.1:
    resolution: {integrity: sha512-M6T051+5QCGLBQb8id3hdvIW8+zeFV2FyBGFS9IEK5H9Wt4MueD4bW1eWikpHgZp+5xR3l5c8pZUkQsIA0BFZg==}
    engines: {node: '>=8'}

  leven@4.1.0:
    resolution: {integrity: sha512-KZ9W9nWDT7rF7Dazg8xyLHGLrmpgq2nVNFUckhqdW3szVP6YhCpp/RAnpmVExA9JvrMynjwSLVrEj3AepHR6ew==}
    engines: {node: ^12.20.0 || ^14.13.1 || >=16.0.0}

  lines-and-columns@1.2.4:
    resolution: {integrity: sha512-7ylylesZQ/PV29jhEDl3Ufjo6ZX7gCqJr5F7PKrqc93v7fzSymt1BpwEU8nAUXs8qzzvqhbjhK5QZg6Mt/HkBg==}

  lru-cache@11.3.6:
    resolution: {integrity: sha512-Gf/KoL3C/MlI7Bt0PGI9I+TeTC/I6r/csU58N4BSNc4lppLBeKsOdFYkK+dX0ABDUMJNfCHTyPpzwwO21Awd3A==}
    engines: {node: 20 || >=22}

  markuplint@4.18.1:
    resolution: {integrity: sha512-w3TX+4jpI9O1wjr/2l/tgk+b5PSYl39PXfR7O4iTza15fdOFNt0RB1J+6xqVZcHXsrSbkZT+Yunm29S9mpYKjg==}
    hasBin: true

  mdn-data@2.27.1:
    resolution: {integrity: sha512-9Yubnt3e8A0OKwxYSXyhLymGW4sCufcLG6VdiDdUGVkPhpqLxlvP5vl1983gQjJl3tqbrM731mjaZaP68AgosQ==}

  meow@13.2.0:
    resolution: {integrity: sha512-pxQJQzB6djGPXh08dacEloMFopsOqGVRKFPYvPOt9XDZ1HasbgDZA74CJGreSU4G3Ak7EFJGoiH2auq+yXISgA==}
    engines: {node: '>=18'}

  merge2@1.4.1:
    resolution: {integrity: sha512-8q7VEgMJW4J8tcfVPy8g09NcQwZdbwFEqhe/WZkoIzjn/3TGDwtOCYtXGxA3O8tPzpczCCDgv+P2P5y00ZJOOg==}
    engines: {node: '>= 8'}

  micromatch@4.0.8:
    resolution: {integrity: sha512-PXwfBhYu0hBCPw8Dn0E+WDYb7af3dSLVWKi3HGv84IdF4TyFoC0ysxFd0Goxw7nSv4T/PzEJQxsYsEiFCKo2BA==}
    engines: {node: '>=8.6'}

  minimatch@10.2.5:
    resolution: {integrity: sha512-MULkVLfKGYDFYejP07QOurDLLQpcjk7Fw+7jXS2R2czRQzR56yHRveU5NDJEOviH+hETZKSkIk5c+T23GjFUMg==}
    engines: {node: 18 || 20 || >=22}

  minimist@1.2.8:
    resolution: {integrity: sha512-2yyAR8qBkN3YuheJanUpWC5U3bb5osDywNB8RzDVlDwDHbocAJveqqj1u8+SVD7jkWT4yvsHCpWqqWqAxb0zCA==}

  minipass@7.1.3:
    resolution: {integrity: sha512-tEBHqDnIoM/1rXME1zgka9g6Q2lcoCkxHLuc7ODJ5BxbP5d4c2Z5cGgtXAku59200Cx7diuHTOYfSBD8n6mm8A==}
    engines: {node: '>=16 || 14 >=14.17'}

  mkdirp@0.5.6:
    resolution: {integrity: sha512-FP+p8RB8OWpF3YZBCrP5gtADmtXApB5AMLn+vdyA+PyxCjrCs00mjyUozssO33cwDeT3wNGdLxJ5M//YqtHAJw==}
    hasBin: true

  ms@2.1.3:
    resolution: {integrity: sha512-6FlzubTLZG3J2a/NVCAleEhjzq5oxgHyaCU9yYXvcLsvoVaHJq/s5xXI6/XXP6tz7R9xAOtHnSO/tXtF3WRTlA==}

  mustache@4.2.0:
    resolution: {integrity: sha512-71ippSywq5Yb7/tVYyGbkBggbU8H3u5Rz56fH60jGFgr8uHwxs+aSKeqmluIVzM0m0kB7xQjKS6qPfd0b2ZoqQ==}
    hasBin: true

  os-locale@6.0.2:
    resolution: {integrity: sha512-qIb8bzRqaN/vVqEYZ7lTAg6PonskO7xOmM7OClD28F6eFa4s5XGe4bGpHUHMoCHbNNuR0pDYFeSLiW5bnjWXIA==}
    engines: {node: '>=12.20'}

  parent-module@1.0.1:
    resolution: {integrity: sha512-GQ2EWRpQV8/o+Aw8YqtfZZPfNRWZYkbidE9k5rpl/hC3vtHHBfGm2Ifi6qWV+coDGkrUKZAxE3Lot5kcsRlh+g==}
    engines: {node: '>=6'}

  parse-json@4.0.0:
    resolution: {integrity: sha512-aOIos8bujGN93/8Ox/jPLh7RwVnPEysynVFE+fQZyg6jKELEHwzgKdLRFHUgXJL6kylijVSBC4BvN9OmsB48Rw==}
    engines: {node: '>=4'}

  parse-json@5.2.0:
    resolution: {integrity: sha512-ayCKvm/phCGxOkYRSCM82iDwct8/EonSEgCSxWxD7ve6jHggsFl4fZVQBPRNgQoKiuV/odhFrGzQXZwbifC8Rg==}
    engines: {node: '>=8'}

  parse-passwd@1.0.0:
    resolution: {integrity: sha512-1Y1A//QUXEZK7YKz+rD9WydcE1+EuPr6ZBgKecAB8tmoW6UFv0NREVJe1p+jRxtThkcbbKkfwIbWJe/IeE6m2Q==}
    engines: {node: '>=0.10.0'}

  parse5@8.0.1:
    resolution: {integrity: sha512-z1e/HMG90obSGeidlli3hj7cbocou0/wa5HacvI3ASx34PecNjNQeaHNo5WIZpWofN9kgkqV1q5YvXe3F0FoPw==}

  path-scurry@2.0.2:
    resolution: {integrity: sha512-3O/iVVsJAPsOnpwWIeD+d6z/7PmqApyQePUtCndjatj/9I5LylHvt5qluFaBT3I5h3r1ejfR056c+FCv+NnNXg==}
    engines: {node: 18 || 20 || >=22}

  picocolors@1.1.1:
    resolution: {integrity: sha512-xceH2snhtb5M9liqDsmEw56le376mTZkEX/jEb/RxNFyegNul7eNslCXP9FDj/Lcu0X8KEyMceP2ntpaHrDEVA==}

  picomatch@2.3.2:
    resolution: {integrity: sha512-V7+vQEJ06Z+c5tSye8S+nHUfI51xoXIXjHQ99cQtKUkQqqO1kO/KCJUfZXuB47h/YBlDhah2H3hdUGXn8ie0oA==}
    engines: {node: '>=8.6'}

  postcss-selector-parser@7.1.1:
    resolution: {integrity: sha512-orRsuYpJVw8LdAwqqLykBj9ecS5/cRHlI5+nvTo8LcCKmzDmqVORXtOIYEEQuL9D4BxtA1lm5isAqzQZCoQ6Eg==}
    engines: {node: '>=4'}

  queue-microtask@1.2.3:
    resolution: {integrity: sha512-NuaNSa6flKT5JaSYQzJok04JzTL1CA6aGhv5rfLW3PgqA+M2ChpZQnAC8h8i4ZFkBS8X5RqkDBHA7r4hej3K9A==}

  readdirp@5.0.0:
    resolution: {integrity: sha512-9u/XQ1pvrQtYyMpZe7DXKv2p5CNvyVwzUB6uhLAnQwHMSgKMBR62lc7AHljaeteeHXn11XTAaLLUVZYVZyuRBQ==}
    engines: {node: '>= 20.19.0'}

  resolve-dir@1.0.1:
    resolution: {integrity: sha512-R7uiTjECzvOsWSfdM0QKFNBVFcK27aHOUwdvK53BcW8zqnGdYp0Fbj82cy54+2A4P2tFM22J5kRfe1R+lM/1yg==}
    engines: {node: '>=0.10.0'}

  resolve-from@4.0.0:
    resolution: {integrity: sha512-pb/MYmXstAkysRFx8piNI1tGFNQIFA3vkE3Gq4EuA1dF6gHp/+vgZqsCGJapvy8N3Q+4o7FwvquPJcnZ7RYy4g==}
    engines: {node: '>=4'}

  reusify@1.1.0:
    resolution: {integrity: sha512-g6QUff04oZpHs0eG5p83rFLhHeV00ug/Yf9nZM6fLeUrPguBTkTQOdpAWWspMh55TZfVQDPaN3NQJfbVRAxdIw==}
    engines: {iojs: '>=1.0.0', node: '>=0.10.0'}

  run-parallel@1.2.0:
    resolution: {integrity: sha512-5l4VyZR86LZ/lDxZTR6jqL8AFE2S0IFLMP26AbjsLVADxHdhB/c0GUsH+y39UfCi3dzz8OlQuPmnaJOMoDHQBA==}

  semver@7.7.4:
    resolution: {integrity: sha512-vFKC2IEtQnVhpT78h1Yp8wzwrf8CM+MzKMHGJZfBtzhZNycRFnXsHk6E5TxIkkMsgNS7mdX3AGB7x2QM2di4lA==}
    engines: {node: '>=10'}
    hasBin: true

  source-map-js@1.2.1:
    resolution: {integrity: sha512-UXWMKhLOwVKb728IUtQPXxfYU+usdybtUrK/8uGE8CQMvrhOpwvzDBwj0QhSL7MQc7vIsISBG8VQ8+IDQxpfQA==}
    engines: {node: '>=0.10.0'}

  strict-event-emitter@0.5.1:
    resolution: {integrity: sha512-vMgjE/GGEPEFnhFub6pa4FmJBRBVOLpIII2hvCZ8Kzb7K0hlHo7mQv6xYrBvCL2LtAIBwFUK8wvuJgTVSQ5MFQ==}

  strip-ansi@6.0.1:
    resolution: {integrity: sha512-Y38VPSHcqkFrCpFnQ9vuSXmquuv5oXOKpGeT6aGrr3o3Gc9AlVa6JBfUSOCnbxGGZF+/0ooI7KrPuUSztUdU5A==}
    engines: {node: '>=8'}

  strip-ansi@7.2.0:
    resolution: {integrity: sha512-yDPMNjp4WyfYBkHnjIRLfca1i6KMyGCtsVgoKe/z1+6vukgaENdgGBZt+ZmKPc4gavvEZ5OgHfHdrazhgNyG7w==}
    engines: {node: '>=12'}

  strip-bom@4.0.0:
    resolution: {integrity: sha512-3xurFv5tEgii33Zi8Jtp55wEIILR9eh34FAW00PZf+JnSsTmV/ioewSgQl97JHvgjoRGwPShsWm+IdrxB35d0w==}
    engines: {node: '>=8'}

  strip-json-comments@3.1.1:
    resolution: {integrity: sha512-6fPc+R4ihwqP6N/aIv2f1gMH8lOVtWQHoqC4yK6oSDVVocumAsfCqjkXnqiYMhmMwS/mEHLp7Vehlt3ql6lEig==}
    engines: {node: '>=8'}

  synckit@0.11.12:
    resolution: {integrity: sha512-Bh7QjT8/SuKUIfObSXNHNSK6WHo6J1tHCqJsuaFDP7gP0fkzSfTxI8y85JrppZ0h8l0maIgc2tfuZQ6/t3GtnQ==}
    engines: {node: ^14.18.0 || >=16.0.0}

  tagged-tag@1.0.0:
    resolution: {integrity: sha512-yEFYrVhod+hdNyx7g5Bnkkb0G6si8HJurOoOEgC8B/O0uXLHlaey/65KRv6cuWBNhBgHKAROVpc7QyYqE5gFng==}
    engines: {node: '>=20'}

  to-regex-range@5.0.1:
    resolution: {integrity: sha512-65P7iz6X5yEr1cwcgvQxbbIw7Uk3gOy5dIdtZ4rDveLqhrdJP+Li/Hx6tyK0NEb+2GCyneCMJiGqrADCSNk8sQ==}
    engines: {node: '>=8.0'}

  type-fest@5.6.0:
    resolution: {integrity: sha512-8ZiHFm91orbSAe2PSAiSVBVko18pbhbiB3U9GglSzF/zCGkR+rxpHx6sEMCUm4kxY4LjDIUGgCfUMtwfZfjfUA==}
    engines: {node: '>=20'}

  util-deprecate@1.0.2:
    resolution: {integrity: sha512-EPD5q1uXyFxJpCrLnCc1nHnq3gOa6DZBocAIiI2TaSCA7VCJ1UJDMagCzIkXNsUYfD1daK//LTEQ8xiIbrHtcw==}

  uuid@13.0.0:
    resolution: {integrity: sha512-XQegIaBTVUjSHliKqcnFqYypAd4S+WCYt5NIeRs6w/UAry7z8Y9j5ZwRRL4kzq9U3sD6v+85er9FvkEaBpji2w==}
    hasBin: true

  whatwg-mimetype@5.0.0:
    resolution: {integrity: sha512-sXcNcHOC51uPGF0P/D4NVtrkjSU2fNsm9iog4ZvZJsL3rjoDAzXZhkm2MWt1y+PUdggKAYVoMAIYcs78wJ51Cw==}
    engines: {node: '>=20'}

  which@1.3.1:
    resolution: {integrity: sha512-HxJdYWq1MTIQbJ3nw0cqssHoTNU267KlrDuGZ1WYlxDStUtKUhOaJmh112/TZmHxxUfuJqPXSOm7tDyas0OSIQ==}
    hasBin: true

snapshots:

  '@astrojs/compiler@3.0.1': {}

  '@babel/code-frame@7.29.0':
    dependencies:
      '@babel/helper-validator-identifier': 7.28.5
      js-tokens: 4.0.0
      picocolors: 1.1.1

  '@babel/helper-validator-identifier@7.28.5': {}

  '@markuplint/astro-parser@4.18.0':
    dependencies:
      '@markuplint/ml-ast': 4.18.0
      '@markuplint/parser-utils': 4.18.0
      astro-eslint-parser: 1.4.0
    transitivePeerDependencies:
      - supports-color

  '@markuplint/cli-utils@4.18.0':
    dependencies:
      detect-installed: 2.0.4
      eastasianwidth: 0.3.0
      enquirer: 2.4.1
      has-yarn: 4.0.0
      picocolors: 1.1.1
      strip-ansi: 7.2.0

  '@markuplint/config-presets@4.18.0': {}

  '@markuplint/file-resolver@4.18.1':
    dependencies:
      '@markuplint/html-parser': 4.18.0
      '@markuplint/ml-ast': 4.18.0
      '@markuplint/ml-config': 4.18.1
      '@markuplint/ml-core': 4.18.1
      '@markuplint/ml-spec': 4.18.0
      '@markuplint/parser-utils': 4.18.0
      '@markuplint/selector': 4.18.1
      '@markuplint/shared': 4.18.0
      cosmiconfig: 9.0.1
      debug: 4.4.3
      glob: 13.0.6
      ignore: 7.0.5
      import-meta-resolve: 4.2.0
      jsonc: 2.0.0
      minimatch: 10.2.5
    transitivePeerDependencies:
      - supports-color
      - typescript

  '@markuplint/html-parser@4.18.0':
    dependencies:
      '@markuplint/ml-ast': 4.18.0
      '@markuplint/parser-utils': 4.18.0
      parse5: 8.0.1
      type-fest: 5.6.0
    transitivePeerDependencies:
      - supports-color

  '@markuplint/html-spec@4.18.0':
    dependencies:
      '@markuplint/ml-spec': 4.18.0
    transitivePeerDependencies:
      - supports-color

  '@markuplint/i18n@4.18.0': {}

  '@markuplint/ml-ast@4.18.0': {}

  '@markuplint/ml-config@4.18.1':
    dependencies:
      '@markuplint/ml-ast': 4.18.0
      '@markuplint/ml-spec': 4.18.0
      '@markuplint/selector': 4.18.1
      '@markuplint/shared': 4.18.0
      '@types/mustache': 4.2.6
      deepmerge: 4.3.1
      is-plain-object: 5.0.0
      mustache: 4.2.0
      type-fest: 5.6.0
    transitivePeerDependencies:
      - supports-color

  '@markuplint/ml-core@4.18.1':
    dependencies:
      '@markuplint/config-presets': 4.18.0
      '@markuplint/html-parser': 4.18.0
      '@markuplint/html-spec': 4.18.0
      '@markuplint/i18n': 4.18.0
      '@markuplint/ml-ast': 4.18.0
      '@markuplint/ml-config': 4.18.1
      '@markuplint/ml-spec': 4.18.0
      '@markuplint/parser-utils': 4.18.0
      '@markuplint/selector': 4.18.1
      '@markuplint/shared': 4.18.0
      '@types/debug': 4.1.13
      debug: 4.4.3
      is-plain-object: 5.0.0
      type-fest: 5.6.0
    transitivePeerDependencies:
      - supports-color

  '@markuplint/ml-spec@4.18.0':
    dependencies:
      '@markuplint/ml-ast': 4.18.0
      '@markuplint/types': 4.18.0
      dom-accessibility-api: 0.7.1
      is-plain-object: 5.0.0
      type-fest: 5.6.0
    transitivePeerDependencies:
      - supports-color

  '@markuplint/parser-utils@4.18.0':
    dependencies:
      '@markuplint/ml-ast': 4.18.0
      '@markuplint/ml-spec': 4.18.0
      '@markuplint/types': 4.18.0
      '@types/uuid': 11.0.0
      debug: 4.4.3
      espree: 11.2.0
      type-fest: 5.6.0
      uuid: 13.0.0
    transitivePeerDependencies:
      - supports-color

  '@markuplint/rules@4.18.1':
    dependencies:
      '@markuplint/html-spec': 4.18.0
      '@markuplint/ml-core': 4.18.1
      '@markuplint/ml-spec': 4.18.0
      '@markuplint/selector': 4.18.1
      '@markuplint/shared': 4.18.0
      '@markuplint/types': 4.18.0
      '@types/debug': 4.1.13
      '@ungap/structured-clone': 1.3.0
      ansi-colors: 4.1.3
      chrono-node: 2.9.0
      debug: 4.4.3
      type-fest: 5.6.0
    transitivePeerDependencies:
      - supports-color

  '@markuplint/selector@4.18.1':
    dependencies:
      '@markuplint/ml-spec': 4.18.0
      '@types/debug': 4.1.13
      debug: 4.4.3
      postcss-selector-parser: 7.1.1
      type-fest: 5.6.0
    transitivePeerDependencies:
      - supports-color

  '@markuplint/shared@4.18.0':
    dependencies:
      html-entities: 2.6.0

  '@markuplint/types@4.18.0':
    dependencies:
      '@markuplint/shared': 4.18.0
      '@types/css-tree': 2.3.11
      '@types/debug': 4.1.13
      '@types/whatwg-mimetype': 5.0.0
      bcp-47: 2.1.0
      css-tree: 3.2.1
      debug: 4.4.3
      leven: 4.1.0
      type-fest: 5.6.0
      whatwg-mimetype: 5.0.0
    transitivePeerDependencies:
      - supports-color

  '@nodelib/fs.scandir@2.1.5':
    dependencies:
      '@nodelib/fs.stat': 2.0.5
      run-parallel: 1.2.0

  '@nodelib/fs.stat@2.0.5': {}

  '@nodelib/fs.walk@1.2.8':
    dependencies:
      '@nodelib/fs.scandir': 2.1.5
      fastq: 1.20.1

  '@pkgr/core@0.2.9': {}

  '@types/css-tree@2.3.11': {}

  '@types/debug@4.1.13':
    dependencies:
      '@types/ms': 2.1.0

  '@types/ms@2.1.0': {}

  '@types/mustache@4.2.6': {}

  '@types/uuid@11.0.0':
    dependencies:
      uuid: 13.0.0

  '@types/whatwg-mimetype@5.0.0': {}

  '@typescript-eslint/scope-manager@8.59.2':
    dependencies:
      '@typescript-eslint/types': 8.59.2
      '@typescript-eslint/visitor-keys': 8.59.2

  '@typescript-eslint/types@8.59.2': {}

  '@typescript-eslint/visitor-keys@8.59.2':
    dependencies:
      '@typescript-eslint/types': 8.59.2
      eslint-visitor-keys: 5.0.1

  '@ungap/structured-clone@1.3.0': {}

  acorn-jsx@5.3.2(acorn@8.16.0):
    dependencies:
      acorn: 8.16.0

  acorn@8.16.0: {}

  ansi-colors@4.1.3: {}

  ansi-regex@5.0.1: {}

  ansi-regex@6.2.2: {}

  argparse@2.0.1: {}

  astro-eslint-parser@1.4.0:
    dependencies:
      '@astrojs/compiler': 3.0.1
      '@typescript-eslint/scope-manager': 8.59.2
      '@typescript-eslint/types': 8.59.2
      astrojs-compiler-sync: 1.1.1(@astrojs/compiler@3.0.1)
      debug: 4.4.3
      entities: 7.0.1
      eslint-scope: 8.4.0
      eslint-visitor-keys: 4.2.1
      espree: 10.4.0
      fast-glob: 3.3.3
      is-glob: 4.0.3
      semver: 7.7.4
    transitivePeerDependencies:
      - supports-color

  astrojs-compiler-sync@1.1.1(@astrojs/compiler@3.0.1):
    dependencies:
      '@astrojs/compiler': 3.0.1
      synckit: 0.11.12

  balanced-match@4.0.4: {}

  bcp-47@2.1.0:
    dependencies:
      is-alphabetical: 2.0.1
      is-alphanumerical: 2.0.1
      is-decimal: 2.0.1

  brace-expansion@5.0.5:
    dependencies:
      balanced-match: 4.0.4

  braces@3.0.3:
    dependencies:
      fill-range: 7.1.1

  callsites@3.1.0: {}

  chokidar@5.0.0:
    dependencies:
      readdirp: 5.0.0

  chrono-node@2.9.0: {}

  cosmiconfig@9.0.1:
    dependencies:
      env-paths: 2.2.1
      import-fresh: 3.3.1
      js-yaml: 4.1.1
      parse-json: 5.2.0

  css-tree@3.2.1:
    dependencies:
      mdn-data: 2.27.1
      source-map-js: 1.2.1

  cssesc@3.0.0: {}

  debug@4.4.3:
    dependencies:
      ms: 2.1.3

  deepmerge@4.3.1: {}

  detect-installed@2.0.4:
    dependencies:
      get-installed-path: 2.1.1

  dom-accessibility-api@0.7.1: {}

  eastasianwidth@0.3.0: {}

  enquirer@2.4.1:
    dependencies:
      ansi-colors: 4.1.3
      strip-ansi: 6.0.1

  entities@7.0.1: {}

  entities@8.0.0: {}

  env-paths@2.2.1: {}

  error-ex@1.3.4:
    dependencies:
      is-arrayish: 0.2.1

  eslint-scope@8.4.0:
    dependencies:
      esrecurse: 4.3.0
      estraverse: 5.3.0

  eslint-visitor-keys@4.2.1: {}

  eslint-visitor-keys@5.0.1: {}

  espree@10.4.0:
    dependencies:
      acorn: 8.16.0
      acorn-jsx: 5.3.2(acorn@8.16.0)
      eslint-visitor-keys: 4.2.1

  espree@11.2.0:
    dependencies:
      acorn: 8.16.0
      acorn-jsx: 5.3.2(acorn@8.16.0)
      eslint-visitor-keys: 5.0.1

  esrecurse@4.3.0:
    dependencies:
      estraverse: 5.3.0

  estraverse@5.3.0: {}

  expand-tilde@2.0.2:
    dependencies:
      homedir-polyfill: 1.0.3

  fast-glob@3.3.3:
    dependencies:
      '@nodelib/fs.stat': 2.0.5
      '@nodelib/fs.walk': 1.2.8
      glob-parent: 5.1.2
      merge2: 1.4.1
      micromatch: 4.0.8

  fast-safe-stringify@2.1.1: {}

  fastq@1.20.1:
    dependencies:
      reusify: 1.1.0

  fill-range@7.1.1:
    dependencies:
      to-regex-range: 5.0.1

  find-up-simple@1.0.1: {}

  get-installed-path@2.1.1:
    dependencies:
      global-modules: 1.0.0

  glob-parent@5.1.2:
    dependencies:
      is-glob: 4.0.3

  glob@13.0.6:
    dependencies:
      minimatch: 10.2.5
      minipass: 7.1.3
      path-scurry: 2.0.2

  global-modules@1.0.0:
    dependencies:
      global-prefix: 1.0.2
      is-windows: 1.0.2
      resolve-dir: 1.0.1

  global-prefix@1.0.2:
    dependencies:
      expand-tilde: 2.0.2
      homedir-polyfill: 1.0.3
      ini: 1.3.8
      is-windows: 1.0.2
      which: 1.3.1

  graceful-fs@4.2.11: {}

  has-yarn@4.0.0:
    dependencies:
      find-up-simple: 1.0.1

  homedir-polyfill@1.0.3:
    dependencies:
      parse-passwd: 1.0.0

  html-entities@2.6.0: {}

  ignore@7.0.5: {}

  import-fresh@3.3.1:
    dependencies:
      parent-module: 1.0.1
      resolve-from: 4.0.0

  import-meta-resolve@4.2.0: {}

  ini@1.3.8: {}

  invert-kv@3.0.1: {}

  is-alphabetical@2.0.1: {}

  is-alphanumerical@2.0.1:
    dependencies:
      is-alphabetical: 2.0.1
      is-decimal: 2.0.1

  is-arrayish@0.2.1: {}

  is-decimal@2.0.1: {}

  is-extglob@2.1.1: {}

  is-glob@4.0.3:
    dependencies:
      is-extglob: 2.1.1

  is-number@7.0.0: {}

  is-plain-object@5.0.0: {}

  is-windows@1.0.2: {}

  isexe@2.0.0: {}

  js-tokens@4.0.0: {}

  js-yaml@4.1.1:
    dependencies:
      argparse: 2.0.1

  json-parse-better-errors@1.0.2: {}

  json-parse-even-better-errors@2.3.1: {}

  jsonc@2.0.0:
    dependencies:
      fast-safe-stringify: 2.1.1
      graceful-fs: 4.2.11
      mkdirp: 0.5.6
      parse-json: 4.0.0
      strip-bom: 4.0.0
      strip-json-comments: 3.1.1

  lcid@3.1.1:
    dependencies:
      invert-kv: 3.0.1

  leven@4.1.0: {}

  lines-and-columns@1.2.4: {}

  lru-cache@11.3.6: {}

  markuplint@4.18.1:
    dependencies:
      '@markuplint/cli-utils': 4.18.0
      '@markuplint/file-resolver': 4.18.1
      '@markuplint/html-parser': 4.18.0
      '@markuplint/html-spec': 4.18.0
      '@markuplint/i18n': 4.18.0
      '@markuplint/ml-ast': 4.18.0
      '@markuplint/ml-config': 4.18.1
      '@markuplint/ml-core': 4.18.1
      '@markuplint/ml-spec': 4.18.0
      '@markuplint/rules': 4.18.1
      '@markuplint/shared': 4.18.0
      '@types/debug': 4.1.13
      chokidar: 5.0.0
      debug: 4.4.3
      meow: 13.2.0
      os-locale: 6.0.2
      strict-event-emitter: 0.5.1
      strip-ansi: 7.2.0
      type-fest: 5.6.0
    transitivePeerDependencies:
      - supports-color
      - typescript

  mdn-data@2.27.1: {}

  meow@13.2.0: {}

  merge2@1.4.1: {}

  micromatch@4.0.8:
    dependencies:
      braces: 3.0.3
      picomatch: 2.3.2

  minimatch@10.2.5:
    dependencies:
      brace-expansion: 5.0.5

  minimist@1.2.8: {}

  minipass@7.1.3: {}

  mkdirp@0.5.6:
    dependencies:
      minimist: 1.2.8

  ms@2.1.3: {}

  mustache@4.2.0: {}

  os-locale@6.0.2:
    dependencies:
      lcid: 3.1.1

  parent-module@1.0.1:
    dependencies:
      callsites: 3.1.0

  parse-json@4.0.0:
    dependencies:
      error-ex: 1.3.4
      json-parse-better-errors: 1.0.2

  parse-json@5.2.0:
    dependencies:
      '@babel/code-frame': 7.29.0
      error-ex: 1.3.4
      json-parse-even-better-errors: 2.3.1
      lines-and-columns: 1.2.4

  parse-passwd@1.0.0: {}

  parse5@8.0.1:
    dependencies:
      entities: 8.0.0

  path-scurry@2.0.2:
    dependencies:
      lru-cache: 11.3.6
      minipass: 7.1.3

  picocolors@1.1.1: {}

  picomatch@2.3.2: {}

  postcss-selector-parser@7.1.1:
    dependencies:
      cssesc: 3.0.0
      util-deprecate: 1.0.2

  queue-microtask@1.2.3: {}

  readdirp@5.0.0: {}

  resolve-dir@1.0.1:
    dependencies:
      expand-tilde: 2.0.2
      global-modules: 1.0.0

  resolve-from@4.0.0: {}

  reusify@1.1.0: {}

  run-parallel@1.2.0:
    dependencies:
      queue-microtask: 1.2.3

  semver@7.7.4: {}

  source-map-js@1.2.1: {}

  strict-event-emitter@0.5.1: {}

  strip-ansi@6.0.1:
    dependencies:
      ansi-regex: 5.0.1

  strip-ansi@7.2.0:
    dependencies:
      ansi-regex: 6.2.2

  strip-bom@4.0.0: {}

  strip-json-comments@3.1.1: {}

  synckit@0.11.12:
    dependencies:
      '@pkgr/core': 0.2.9

  tagged-tag@1.0.0: {}

  to-regex-range@5.0.1:
    dependencies:
      is-number: 7.0.0

  type-fest@5.6.0:
    dependencies:
      tagged-tag: 1.0.0

  util-deprecate@1.0.2: {}

  uuid@13.0.0: {}

  whatwg-mimetype@5.0.0: {}

  which@1.3.1:
    dependencies:
      isexe: 2.0.0
